
Microsoft Visual Studio Solution File, Format Version 12.00
# Visual Studio Version 17
VisualStudioVersion = 17.11.35312.102
MinimumVisualStudioVersion = 10.0.40219.1
Project("{2150E333-8FDC-42A3-9474-1A3956D46DE8}") = "Task0", "Task0", "{28293166-8101-42E6-BC56-79E73418EB94}"
EndProject
Project("{FAE04EC0-301F-11D3-BF4B-00C04F79EFBC}") = "Tyuiu.HoteevaEV.Sprint0.Task0.V0", "Tyuiu.HoteevaEV.Sprint0.Task0.V0\Tyuiu.HoteevaEV.Sprint0.Task0.V0.csproj", "{9DD6908D-7013-464C-83EE-00571FC5B89B}"
EndProject
Project("{2150E333-8FDC-42A3-9474-1A3956D46DE8}") = "Task1", "Task1", "{092145A7-A047-4F86-ACB8-74F96450DE27}"
EndProject
Project("{FAE04EC0-301F-11D3-BF4B-00C04F79EFBC}") = "Tyuiu.HoteevaEV.Sprint0.Task1.V0", "Tyuiu.HoteevaEV.Sprint0.Task1.V0\Tyuiu.HoteevaEV.Sprint0.Task1.V0.csproj", "{9A948A0C-2CE0-4907-9C84-CE5B056221F8}"
EndProject
Project("{2150E333-8FDC-42A3-9474-1A3956D46DE8}") = "Task2", "Task2", "{4CD5B621-E388-46A4-83B0-E3DF35997348}"
EndProject
Project("{9A19103F-16F7-4668-BE54-9A1E7A4F7556}") = "Tyuiu.HoteevaEV.Sprint0.Task2.V0.Lib", "Tyuiu.HoteevaEV.Sprint0.Task2.V0.Lib\Tyuiu.HoteevaEV.Sprint0.Task2.V0.Lib.csproj", "{5568F98A-AF92-4CC8-ABCD-3112A8D0E28B}"
EndProject
Project("{9A19103F-16F7-4668-BE54-9A1E7A4F7556}") = "Tyuiu.HoteevaEV.Sprint0.Task2.V0.Test", "Tyuiu.HoteevaEV.Sprint0.Task2.V0.Test\Tyuiu.HoteevaEV.Sprint0.Task2.V0.Test.csproj", "{567E4C42-11B3-4246-99D0-A6D68633E9E8}"
EndProject
Project("{9A19103F-16F7-4668-BE54-9A1E7A4F7556}") = "Tyuiu.HoteevaEV.Sprint0.Task2.V0", "Tyuiu.HoteevaEV.Sprint0.Task2.V0\Tyuiu.HoteevaEV.Sprint0.Task2.V0.csproj", "{3A1FD4CA-2F96-4A12-AA44-8D26AEFA1FD6}"
EndProject
Project("{2150E333-8FDC-42A3-9474-1A3956D46DE8}") = "Task3", "Task3", "{8DA46EE0-3059-42BC-A76F-6F145D8C0449}"
EndProject
Project("{9A19103F-16F7-4668-BE54-9A1E7A4F7556}") = "Tyuiu.HoteevaEV.Sprint0.Task3.V0", "Tyuiu.HoteevaEV.Sprint0.Task3.V0\Tyuiu.HoteevaEV.Sprint0.Task3.V0.csproj", "{4B173157-3DFA-4AC8-9DFA-4DF238E5DE4C}"
EndProject
Project("{9A19103F-16F7-4668-BE54-9A1E7A4F7556}") = "Tyuiu.HoteevaEV.Sprint0.Task3.V0.Lib", "Tyuiu.HoteevaEV.Sprint0.Task3.V0.Lib\Tyuiu.HoteevaEV.Sprint0.Task3.V0.Lib.csproj", "{5455C451-F403-4621-87EF-9B649F6CDA60}"
EndProject
Project("{9A19103F-16F7-4668-BE54-9A1E7A4F7556}") = "Tyuiu.HoteevaEV.Sprint0.Task3.V0.Test", "Tyuiu.HoteevaEV.Sprint0.Task3.V0.Test\Tyuiu.HoteevaEV.Sprint0.Task3.V0.Test.csproj", "{F8B879E6-C309-42A7-BCD5-9EF41C6CF51F}"
EndProject
Project("{2150E333-8FDC-42A3-9474-1A3956D46DE8}") = "Task4", "Task4", "{19727482-6DD4-42B1-BF98-57CDC1242E9C}"
EndProject
Project("{9A19103F-16F7-4668-BE54-9A1E7A4F7556}") = "Tyuiu.HoteevaEV.Sprint0.Task4.V0", "Tyuiu.HoteevaEV.Sprint0.Task4.V0\Tyuiu.HoteevaEV.Sprint0.Task4.V0.csproj", "{C212D0FE-C59B-4D54-B11F-226723E8C193}"
EndProject
Project("{9A19103F-16F7-4668-BE54-9A1E7A4F7556}") = "Tyuiu.HoteevaEV.Sprint0.Task4.V0.Lib", "Tyuiu.HoteevaEV.Sprint0.Task4.V0.Lib\Tyuiu.HoteevaEV.Sprint0.Task4.V0.Lib.csproj", "{7D965224-1670-499B-9946-EE52E214B829}"
EndProject
Project("{9A19103F-16F7-4668-BE54-9A1E7A4F7556}") = "Tyuiu.HoteevaEV.Sprint0.Task4.V0.Test", "Tyuiu.HoteevaEV.Sprint0.Task4.V0.Test\Tyuiu.HoteevaEV.Sprint0.Task4.V0.Test.csproj", "{78A7B504-A15D-4E1D-B5A3-A5EC455AEDA5}"
EndProject
Project("{2150E333-8FDC-42A3-9474-1A3956D46DE8}") = "Task5", "Task5", "{7848216F-3F91-4198-B391-03DB174D05A1}"
EndProject
Project("{9A19103F-16F7-4668-BE54-9A1E7A4F7556}") = "Tyuiu.HoteevaEV.Sprint0.Task5.V0", "Tyuiu.HoteevaEV.Sprint0.Task5.V0\Tyuiu.HoteevaEV.Sprint0.Task5.V0.csproj", "{98F5122B-542B-403F-B0BF-578885A1B2A4}"
EndProject
Project("{9A19103F-16F7-4668-BE54-9A1E7A4F7556}") = "Tyuiu.HoteevaEV.Sprint0.Task5.V0.Lib", "Tyuiu.HoteevaEV.Sprint0.Task5.V0.Lib\Tyuiu.HoteevaEV.Sprint0.Task5.V0.Lib.csproj", "{504D4479-831F-4C8D-A0AE-A3C7F2ED2187}"
EndProject
Project("{9A19103F-16F7-4668-BE54-9A1E7A4F7556}") = "Tyuiu.HoteevaEV.Sprint0.Task5.V0.Test", "Tyuiu.HoteevaEV.Sprint0.Task5.V0.Test\Tyuiu.HoteevaEV.Sprint0.Task5.V0.Test.csproj", "{CE62B47D-0C59-43E3-ADFC-08B914B6A633}"
EndProject
Project("{2150E333-8FDC-42A3-9474-1A3956D46DE8}") = "Task6", "Task6", "{A74F3D0E-A413-4680-94DF-CC18D5FE5962}"
EndProject
Project("{FAE04EC0-301F-11D3-BF4B-00C04F79EFBC}") = "Tyuiu.HoteevaEV.Sprint0.Task6.V0", "Tyuiu.HoteevaEV.Sprint0.Task6.V0\Tyuiu.HoteevaEV.Sprint0.Task6.V0.csproj", "{8B9A12FA-BB1E-4571-9BEA-E780D0F9A992}"
EndProject
Project("{FAE04EC0-301F-11D3-BF4B-00C04F79EFBC}") = "Tyuiu.HoteevaEV.Sprint0.Task6.V0.Lib", "Tyuiu.HoteevaEV.Sprint0.Task6.V0.Lib\Tyuiu.HoteevaEV.Sprint0.Task6.V0.Lib.csproj", "{9F44E187-A95A-41A7-A332-9314CD72D20A}"
EndProject
Project("{FAE04EC0-301F-11D3-BF4B-00C04F79EFBC}") = "Tyuiu.HoteevaEV.Sprint0.Task6.V0.Test", "Tyuiu.HoteevaEV.Sprint0.Task6.V0.Test\Tyuiu.HoteevaEV.Sprint0.Task6.V0.Test.csproj", "{A75513A9-9FE4-4DEA-9D97-6A4D7A049C01}"
EndProject
Global
	GlobalSection(SolutionConfigurationPlatforms) = preSolution
		Debug|Any CPU = Debug|Any CPU
		Release|Any CPU = Release|Any CPU
	EndGlobalSection
	GlobalSection(ProjectConfigurationPlatforms) = postSolution
		{9DD6908D-7013-464C-83EE-00571FC5B89B}.Debug|Any CPU.ActiveCfg = Debug|Any CPU
		{9DD6908D-7013-464C-83EE-00571FC5B89B}.Debug|Any CPU.Build.0 = Debug|Any CPU
		{9DD6908D-7013-464C-83EE-00571FC5B89B}.Release|Any CPU.ActiveCfg = Release|Any CPU
		{9DD6908D-7013-464C-83EE-00571FC5B89B}.Release|Any CPU.Build.0 = Release|Any CPU
		{9A948A0C-2CE0-4907-9C84-CE5B056221F8}.Debug|Any CPU.ActiveCfg = Debug|Any CPU
		{9A948A0C-2CE0-4907-9C84-CE5B056221F8}.Debug|Any CPU.Build.0 = Debug|Any CPU
		{9A948A0C-2CE0-4907-9C84-CE5B056221F8}.Release|Any CPU.ActiveCfg = Release|Any CPU
		{9A948A0C-2CE0-4907-9C84-CE5B056221F8}.Release|Any CPU.Build.0 = Release|Any CPU
		{5568F98A-AF92-4CC8-ABCD-3112A8D0E28B}.Debug|Any CPU.ActiveCfg = Debug|Any CPU
		{5568F98A-AF92-4CC8-ABCD-3112A8D0E28B}.Debug|Any CPU.Build.0 = Debug|Any CPU
		{5568F98A-AF92-4CC8-ABCD-3112A8D0E28B}.Release|Any CPU.ActiveCfg = Release|Any CPU
		{5568F98A-AF92-4CC8-ABCD-3112A8D0E28B}.Release|Any CPU.Build.0 = Release|Any CPU
		{567E4C42-11B3-4246-99D0-A6D68633E9E8}.Debug|Any CPU.ActiveCfg = Debug|Any CPU
		{567E4C42-11B3-4246-99D0-A6D68633E9E8}.Debug|Any CPU.Build.0 = Debug|Any CPU
		{567E4C42-11B3-4246-99D0-A6D68633E9E8}.Release|Any CPU.ActiveCfg = Release|Any CPU
		{567E4C42-11B3-4246-99D0-A6D68633E9E8}.Release|Any CPU.Build.0 = Release|Any CPU
		{3A1FD4CA-2F96-4A12-AA44-8D26AEFA1FD6}.Debug|Any CPU.ActiveCfg = Debug|Any CPU
		{3A1FD4CA-2F96-4A12-AA44-8D26AEFA1FD6}.Debug|Any CPU.Build.0 = Debug|Any CPU
		{3A1FD4CA-2F96-4A12-AA44-8D26AEFA1FD6}.Release|Any CPU.ActiveCfg = Release|Any CPU
		{3A1FD4CA-2F96-4A12-AA44-8D26AEFA1FD6}.Release|Any CPU.Build.0 = Release|Any CPU
		{4B173157-3DFA-4AC8-9DFA-4DF238E5DE4C}.Debug|Any CPU.ActiveCfg = Debug|Any CPU
		{4B173157-3DFA-4AC8-9DFA-4DF238E5DE4C}.Debug|Any CPU.Build.0 = Debug|Any CPU
		{4B173157-3DFA-4AC8-9DFA-4DF238E5DE4C}.Release|Any CPU.ActiveCfg = Release|Any CPU
		{4B173157-3DFA-4AC8-9DFA-4DF238E5DE4C}.Release|Any CPU.Build.0 = Release|Any CPU
		{5455C451-F403-4621-87EF-9B649F6CDA60}.Debug|Any CPU.ActiveCfg = Debug|Any CPU
		{5455C451-F403-4621-87EF-9B649F6CDA60}.Debug|Any CPU.Build.0 = Debug|Any CPU
		{5455C451-F403-4621-87EF-9B649F6CDA60}.Release|Any CPU.ActiveCfg = Release|Any CPU
		{5455C451-F403-4621-87EF-9B649F6CDA60}.Release|Any CPU.Build.0 = Release|Any CPU
		{F8B879E6-C309-42A7-BCD5-9EF41C6CF51F}.Debug|Any CPU.ActiveCfg = Debug|Any CPU
		{F8B879E6-C309-42A7-BCD5-9EF41C6CF51F}.Debug|Any CPU.Build.0 = Debug|Any CPU
		{F8B879E6-C309-42A7-BCD5-9EF41C6CF51F}.Release|Any CPU.ActiveCfg = Release|Any CPU
		{F8B879E6-C309-42A7-BCD5-9EF41C6CF51F}.Release|Any CPU.Build.0 = Release|Any CPU
		{C212D0FE-C59B-4D54-B11F-226723E8C193}.Debug|Any CPU.ActiveCfg = Debug|Any CPU
		{C212D0FE-C59B-4D54-B11F-226723E8C193}.Debug|Any CPU.Build.0 = Debug|Any CPU
		{C212D0FE-C59B-4D54-B11F-226723E8C193}.Release|Any CPU.ActiveCfg = Release|Any CPU
		{C212D0FE-C59B-4D54-B11F-226723E8C193}.Release|Any CPU.Build.0 = Release|Any CPU
		{7D965224-1670-499B-9946-EE52E214B829}.Debug|Any CPU.ActiveCfg = Debug|Any CPU
		{7D965224-1670-499B-9946-EE52E214B829}.Debug|Any CPU.Build.0 = Debug|Any CPU
		{7D965224-1670-499B-9946-EE52E214B829}.Release|Any CPU.ActiveCfg = Release|Any CPU
		{7D965224-1670-499B-9946-EE52E214B829}.Release|Any CPU.Build.0 = Release|Any CPU
		{78A7B504-A15D-4E1D-B5A3-A5EC455AEDA5}.Debug|Any CPU.ActiveCfg = Debug|Any CPU
		{78A7B504-A15D-4E1D-B5A3-A5EC455AEDA5}.Debug|Any CPU.Build.0 = Debug|Any CPU
		{78A7B504-A15D-4E1D-B5A3-A5EC455AEDA5}.Release|Any CPU.ActiveCfg = Release|Any CPU
		{78A7B504-A15D-4E1D-B5A3-A5EC455AEDA5}.Release|Any CPU.Build.0 = Release|Any CPU
		{98F5122B-542B-403F-B0BF-578885A1B2A4}.Debug|Any CPU.ActiveCfg = Debug|Any CPU
		{98F5122B-542B-403F-B0BF-578885A1B2A4}.Debug|Any CPU.Build.0 = Debug|Any CPU
		{98F5122B-542B-403F-B0BF-578885A1B2A4}.Release|Any CPU.ActiveCfg = Release|Any CPU
		{98F5122B-542B-403F-B0BF-578885A1B2A4}.Release|Any CPU.Build.0 = Release|Any CPU
		{504D4479-831F-4C8D-A0AE-A3C7F2ED2187}.Debug|Any CPU.ActiveCfg = Debug|Any CPU
		{504D4479-831F-4C8D-A0AE-A3C7F2ED2187}.Debug|Any CPU.Build.0 = Debug|Any CPU
		{504D4479-831F-4C8D-A0AE-A3C7F2ED2187}.Release|Any CPU.ActiveCfg = Release|Any CPU
		{504D4479-831F-4C8D-A0AE-A3C7F2ED2187}.Release|Any CPU.Build.0 = Release|Any CPU
		{CE62B47D-0C59-43E3-ADFC-08B914B6A633}.Debug|Any CPU.ActiveCfg = Debug|Any CPU
		{CE62B47D-0C59-43E3-ADFC-08B914B6A633}.Debug|Any CPU.Build.0 = Debug|Any CPU
		{CE62B47D-0C59-43E3-ADFC-08B914B6A633}.Release|Any CPU.ActiveCfg = Release|Any CPU
		{CE62B47D-0C59-43E3-ADFC-08B914B6A633}.Release|Any CPU.Build.0 = Release|Any CPU
		{8B9A12FA-BB1E-4571-9BEA-E780D0F9A992}.Debug|Any CPU.ActiveCfg = Debug|Any CPU
		{8B9A12FA-BB1E-4571-9BEA-E780D0F9A992}.Debug|Any CPU.Build.0 = Debug|Any CPU
		{8B9A12FA-BB1E-4571-9BEA-E780D0F9A992}.Release|Any CPU.ActiveCfg = Release|Any CPU
		{8B9A12FA-BB1E-4571-9BEA-E780D0F9A992}.Release|Any CPU.Build.0 = Release|Any CPU
		{9F44E187-A95A-41A7-A332-9314CD72D20A}.Debug|Any CPU.ActiveCfg = Debug|Any CPU
		{9F44E187-A95A-41A7-A332-9314CD72D20A}.Debug|Any CPU.Build.0 = Debug|Any CPU
		{9F44E187-A95A-41A7-A332-9314CD72D20A}.Release|Any CPU.ActiveCfg = Release|Any CPU
		{9F44E187-A95A-41A7-A332-9314CD72D20A}.Release|Any CPU.Build.0 = Release|Any CPU
		{A75513A9-9FE4-4DEA-9D97-6A4D7A049C01}.Debug|Any CPU.ActiveCfg = Debug|Any CPU
		{A75513A9-9FE4-4DEA-9D97-6A4D7A049C01}.Debug|Any CPU.Build.0 = Debug|Any CPU
		{A75513A9-9FE4-4DEA-9D97-6A4D7A049C01}.Release|Any CPU.ActiveCfg = Release|Any CPU
		{A75513A9-9FE4-4DEA-9D97-6A4D7A049C01}.Release|Any CPU.Build.0 = Release|Any CPU
	EndGlobalSection
	GlobalSection(SolutionProperties) = preSolution
		HideSolutionNode = FALSE
	EndGlobalSection
	GlobalSection(NestedProjects) = preSolution
		{9DD6908D-7013-464C-83EE-00571FC5B89B} = {28293166-8101-42E6-BC56-79E73418EB94}
		{9A948A0C-2CE0-4907-9C84-CE5B056221F8} = {092145A7-A047-4F86-ACB8-74F96450DE27}
		{5568F98A-AF92-4CC8-ABCD-3112A8D0E28B} = {4CD5B621-E388-46A4-83B0-E3DF35997348}
		{567E4C42-11B3-4246-99D0-A6D68633E9E8} = {4CD5B621-E388-46A4-83B0-E3DF35997348}
		{3A1FD4CA-2F96-4A12-AA44-8D26AEFA1FD6} = {4CD5B621-E388-46A4-83B0-E3DF35997348}
		{4B173157-3DFA-4AC8-9DFA-4DF238E5DE4C} = {8DA46EE0-3059-42BC-A76F-6F145D8C0449}
		{5455C451-F403-4621-87EF-9B649F6CDA60} = {8DA46EE0-3059-42BC-A76F-6F145D8C0449}
		{F8B879E6-C309-42A7-BCD5-9EF41C6CF51F} = {8DA46EE0-3059-42BC-A76F-6F145D8C0449}
		{C212D0FE-C59B-4D54-B11F-226723E8C193} = {19727482-6DD4-42B1-BF98-57CDC1242E9C}
		{7D965224-1670-499B-9946-EE52E214B829} = {19727482-6DD4-42B1-BF98-57CDC1242E9C}
		{78A7B504-A15D-4E1D-B5A3-A5EC455AEDA5} = {19727482-6DD4-42B1-BF98-57CDC1242E9C}
		{98F5122B-542B-403F-B0BF-578885A1B2A4} = {7848216F-3F91-4198-B391-03DB174D05A1}
		{504D4479-831F-4C8D-A0AE-A3C7F2ED2187} = {7848216F-3F91-4198-B391-03DB174D05A1}
		{CE62B47D-0C59-43E3-ADFC-08B914B6A633} = {7848216F-3F91-4198-B391-03DB174D05A1}
		{8B9A12FA-BB1E-4571-9BEA-E780D0F9A992} = {A74F3D0E-A413-4680-94DF-CC18D5FE5962}
		{9F44E187-A95A-41A7-A332-9314CD72D20A} = {A74F3D0E-A413-4680-94DF-CC18D5FE5962}
		{A75513A9-9FE4-4DEA-9D97-6A4D7A049C01} = {A74F3D0E-A413-4680-94DF-CC18D5FE5962}
	EndGlobalSection
	GlobalSection(ExtensibilityGlobals) = postSolution
		SolutionGuid = {FE69555B-BDB8-44FF-B4F1-360A88A50C5F}
	EndGlobalSection
EndGlobal
